// !$*UTF8*$!
{
	archiveVersion = 1;
	classes = {
	};
	objectVersion = 50;
	objects = {

/* Begin PBXBuildFile section */
		07DE2B5B47676A5BC21A253B /* Pods_CodemagicDemo_CodemagicDemoUITests.framework in Frameworks */ = {isa = PBXBuildFile; fileRef = 60EF0B7CF12E1F7C46679D69 /* Pods_CodemagicDemo_CodemagicDemoUITests.framework */; };
		8DD27A9EEA7BED37819AD16C /* Pods_CodemagicDemo.framework in Frameworks */ = {isa = PBXBuildFile; fileRef = F176ACF36A529852B358AA49 /* Pods_CodemagicDemo.framework */; };
		A5749E5D256EE022004485FB /* AppDelegate.swift in Sources */ = {isa = PBXBuildFile; fileRef = A5749E5C256EE022004485FB /* AppDelegate.swift */; };
		A5749E5F256EE022004485FB /* SceneDelegate.swift in Sources */ = {isa = PBXBuildFile; fileRef = A5749E5E256EE022004485FB /* SceneDelegate.swift */; };
		A5749E61256EE022004485FB /* ViewController.swift in Sources */ = {isa = PBXBuildFile; fileRef = A5749E60256EE022004485FB /* ViewController.swift */; };
		A5749E64256EE022004485FB /* Main.storyboard in Resources */ = {isa = PBXBuildFile; fileRef = A5749E62256EE022004485FB /* Main.storyboard */; };
		A5749E66256EE025004485FB /* Assets.xcassets in Resources */ = {isa = PBXBuildFile; fileRef = A5749E65256EE025004485FB /* Assets.xcassets */; };
		A5749E69256EE025004485FB /* LaunchScreen.storyboard in Resources */ = {isa = PBXBuildFile; fileRef = A5749E67256EE025004485FB /* LaunchScreen.storyboard */; };
		A5749E74256EE026004485FB /* CodemagicDemoTests.swift in Sources */ = {isa = PBXBuildFile; fileRef = A5749E73256EE026004485FB /* CodemagicDemoTests.swift */; };
		A5749E7F256EE026004485FB /* CodemagicDemoUITests.swift in Sources */ = {isa = PBXBuildFile; fileRef = A5749E7E256EE026004485FB /* CodemagicDemoUITests.swift */; };
		B6736CA530DA319F6C3AA86A /* Pods_CodemagicDemoTests.framework in Frameworks */ = {isa = PBXBuildFile; fileRef = 2E738AAE8A733DABA802B628 /* Pods_CodemagicDemoTests.framework */; };
/* End PBXBuildFile section */

/* Begin PBXContainerItemProxy section */
		A5749E70256EE026004485FB /* PBXContainerItemProxy */ = {
			isa = PBXContainerItemProxy;
			containerPortal = A5749E51256EE022004485FB /* Project object */;
			proxyType = 1;
			remoteGlobalIDString = A5749E58256EE022004485FB;
			remoteInfo = CodemagicDemo;
		};
		A5749E7B256EE026004485FB /* PBXContainerItemProxy */ = {
			isa = PBXContainerItemProxy;
			containerPortal = A5749E51256EE022004485FB /* Project object */;
			proxyType = 1;
			remoteGlobalIDString = A5749E58256EE022004485FB;
			remoteInfo = CodemagicDemo;
		};
/* End PBXContainerItemProxy section */

/* Begin PBXFileReference section */
		087E545A89F7707FEFC3DB22 /* Pods-CodemagicDemoTests.release.xcconfig */ = {isa = PBXFileReference; includeInIndex = 1; lastKnownFileType = text.xcconfig; name = "Pods-CodemagicDemoTests.release.xcconfig"; path = "Target Support Files/Pods-CodemagicDemoTests/Pods-CodemagicDemoTests.release.xcconfig"; sourceTree = "<group>"; };
		2E738AAE8A733DABA802B628 /* Pods_CodemagicDemoTests.framework */ = {isa = PBXFileReference; explicitFileType = wrapper.framework; includeInIndex = 0; path = Pods_CodemagicDemoTests.framework; sourceTree = BUILT_PRODUCTS_DIR; };
		4709873268FF289075273C81 /* Pods-CodemagicDemo.release.xcconfig */ = {isa = PBXFileReference; includeInIndex = 1; lastKnownFileType = text.xcconfig; name = "Pods-CodemagicDemo.release.xcconfig"; path = "Target Support Files/Pods-CodemagicDemo/Pods-CodemagicDemo.release.xcconfig"; sourceTree = "<group>"; };
		60530E2806D7E487FAF16727 /* Pods-CodemagicDemo-CodemagicDemoUITests.release.xcconfig */ = {isa = PBXFileReference; includeInIndex = 1; lastKnownFileType = text.xcconfig; name = "Pods-CodemagicDemo-CodemagicDemoUITests.release.xcconfig"; path = "Target Support Files/Pods-CodemagicDemo-CodemagicDemoUITests/Pods-CodemagicDemo-CodemagicDemoUITests.release.xcconfig"; sourceTree = "<group>"; };
		60EF0B7CF12E1F7C46679D69 /* Pods_CodemagicDemo_CodemagicDemoUITests.framework */ = {isa = PBXFileReference; explicitFileType = wrapper.framework; includeInIndex = 0; path = Pods_CodemagicDemo_CodemagicDemoUITests.framework; sourceTree = BUILT_PRODUCTS_DIR; };
		7780823D460111D6AA8FC35F /* Pods-CodemagicDemoTests.debug.xcconfig */ = {isa = PBXFileReference; includeInIndex = 1; lastKnownFileType = text.xcconfig; name = "Pods-CodemagicDemoTests.debug.xcconfig"; path = "Target Support Files/Pods-CodemagicDemoTests/Pods-CodemagicDemoTests.debug.xcconfig"; sourceTree = "<group>"; };
		A5749E59256EE022004485FB /* CodemagicDemo.app */ = {isa = PBXFileReference; explicitFileType = wrapper.application; includeInIndex = 0; path = CodemagicDemo.app; sourceTree = BUILT_PRODUCTS_DIR; };
		A5749E5C256EE022004485FB /* AppDelegate.swift */ = {isa = PBXFileReference; lastKnownFileType = sourcecode.swift; path = AppDelegate.swift; sourceTree = "<group>"; };
		A5749E5E256EE022004485FB /* SceneDelegate.swift */ = {isa = PBXFileReference; lastKnownFileType = sourcecode.swift; path = SceneDelegate.swift; sourceTree = "<group>"; };
		A5749E60256EE022004485FB /* ViewController.swift */ = {isa = PBXFileReference; lastKnownFileType = sourcecode.swift; path = ViewController.swift; sourceTree = "<group>"; };
		A5749E63256EE022004485FB /* Base */ = {isa = PBXFileReference; lastKnownFileType = file.storyboard; name = Base; path = Base.lproj/Main.storyboard; sourceTree = "<group>"; };
		A5749E65256EE025004485FB /* Assets.xcassets */ = {isa = PBXFileReference; lastKnownFileType = folder.assetcatalog; path = Assets.xcassets; sourceTree = "<group>"; };
		A5749E68256EE025004485FB /* Base */ = {isa = PBXFileReference; lastKnownFileType = file.storyboard; name = Base; path = Base.lproj/LaunchScreen.storyboard; sourceTree = "<group>"; };
		A5749E6A256EE025004485FB /* Info.plist */ = {isa = PBXFileReference; lastKnownFileType = text.plist.xml; path = Info.plist; sourceTree = "<group>"; };
		A5749E6F256EE026004485FB /* CodemagicDemoTests.xctest */ = {isa = PBXFileReference; explicitFileType = wrapper.cfbundle; includeInIndex = 0; path = CodemagicDemoTests.xctest; sourceTree = BUILT_PRODUCTS_DIR; };
		A5749E73256EE026004485FB /* CodemagicDemoTests.swift */ = {isa = PBXFileReference; lastKnownFileType = sourcecode.swift; path = CodemagicDemoTests.swift; sourceTree = "<group>"; };
		A5749E75256EE026004485FB /* Info.plist */ = {isa = PBXFileReference; lastKnownFileType = text.plist.xml; path = Info.plist; sourceTree = "<group>"; };
		A5749E7A256EE026004485FB /* CodemagicDemoUITests.xctest */ = {isa = PBXFileReference; explicitFileType = wrapper.cfbundle; includeInIndex = 0; path = CodemagicDemoUITests.xctest; sourceTree = BUILT_PRODUCTS_DIR; };
		A5749E7E256EE026004485FB /* CodemagicDemoUITests.swift */ = {isa = PBXFileReference; lastKnownFileType = sourcecode.swift; path = CodemagicDemoUITests.swift; sourceTree = "<group>"; };
		A5749E80256EE026004485FB /* Info.plist */ = {isa = PBXFileReference; lastKnownFileType = text.plist.xml; path = Info.plist; sourceTree = "<group>"; };
		C897BCC34411B5ACEE660FF8 /* Pods-CodemagicDemo-CodemagicDemoUITests.debug.xcconfig */ = {isa = PBXFileReference; includeInIndex = 1; lastKnownFileType = text.xcconfig; name = "Pods-CodemagicDemo-CodemagicDemoUITests.debug.xcconfig"; path = "Target Support Files/Pods-CodemagicDemo-CodemagicDemoUITests/Pods-CodemagicDemo-CodemagicDemoUITests.debug.xcconfig"; sourceTree = "<group>"; };
		E21B19B6FAA01CB452E5BCF1 /* Pods-CodemagicDemo.debug.xcconfig */ = {isa = PBXFileReference; includeInIndex = 1; lastKnownFileType = text.xcconfig; name = "Pods-CodemagicDemo.debug.xcconfig"; path = "Target Support Files/Pods-CodemagicDemo/Pods-CodemagicDemo.debug.xcconfig"; sourceTree = "<group>"; };
		F176ACF36A529852B358AA49 /* Pods_CodemagicDemo.framework */ = {isa = PBXFileReference; explicitFileType = wrapper.framework; includeInIndex = 0; path = Pods_CodemagicDemo.framework; sourceTree = BUILT_PRODUCTS_DIR; };
/* End PBXFileReference section */

/* Begin PBXFrameworksBuildPhase section */
		A5749E56256EE022004485FB /* Frameworks */ = {
			isa = PBXFrameworksBuildPhase;
			buildActionMask = 2147483647;
			files = (
				8DD27A9EEA7BED37819AD16C /* Pods_CodemagicDemo.framework in Frameworks */,
			);
			runOnlyForDeploymentPostprocessing = 0;
		};
		A5749E6C256EE026004485FB /* Frameworks */ = {
			isa = PBXFrameworksBuildPhase;
			buildActionMask = 2147483647;
			files = (
				B6736CA530DA319F6C3AA86A /* Pods_CodemagicDemoTests.framework in Frameworks */,
			);
			runOnlyForDeploymentPostprocessing = 0;
		};
		A5749E77256EE026004485FB /* Frameworks */ = {
			isa = PBXFrameworksBuildPhase;
			buildActionMask = 2147483647;
			files = (
				07DE2B5B47676A5BC21A253B /* Pods_CodemagicDemo_CodemagicDemoUITests.framework in Frameworks */,
			);
			runOnlyForDeploymentPostprocessing = 0;
		};
/* End PBXFrameworksBuildPhase section */

/* Begin PBXGroup section */
		3DA539D01C5D662817DCEED0 /* Pods */ = {
			isa = PBXGroup;
			children = (
				E21B19B6FAA01CB452E5BCF1 /* Pods-CodemagicDemo.debug.xcconfig */,
				4709873268FF289075273C81 /* Pods-CodemagicDemo.release.xcconfig */,
				C897BCC34411B5ACEE660FF8 /* Pods-CodemagicDemo-CodemagicDemoUITests.debug.xcconfig */,
				60530E2806D7E487FAF16727 /* Pods-CodemagicDemo-CodemagicDemoUITests.release.xcconfig */,
				7780823D460111D6AA8FC35F /* Pods-CodemagicDemoTests.debug.xcconfig */,
				087E545A89F7707FEFC3DB22 /* Pods-CodemagicDemoTests.release.xcconfig */,
			);
			name = Pods;
			path = Pods;
			sourceTree = "<group>";
		};
		93680C417C54326A9A3D4E96 /* Frameworks */ = {
			isa = PBXGroup;
			children = (
				F176ACF36A529852B358AA49 /* Pods_CodemagicDemo.framework */,
				60EF0B7CF12E1F7C46679D69 /* Pods_CodemagicDemo_CodemagicDemoUITests.framework */,
				2E738AAE8A733DABA802B628 /* Pods_CodemagicDemoTests.framework */,
			);
			name = Frameworks;
			sourceTree = "<group>";
		};
		A5749E50256EE022004485FB = {
			isa = PBXGroup;
			children = (
				A5749E5B256EE022004485FB /* CodemagicDemo */,
				A5749E72256EE026004485FB /* CodemagicDemoTests */,
				A5749E7D256EE026004485FB /* CodemagicDemoUITests */,
				A5749E5A256EE022004485FB /* Products */,
				3DA539D01C5D662817DCEED0 /* Pods */,
				93680C417C54326A9A3D4E96 /* Frameworks */,
			);
			sourceTree = "<group>";
		};
		A5749E5A256EE022004485FB /* Products */ = {
			isa = PBXGroup;
			children = (
				A5749E59256EE022004485FB /* CodemagicDemo.app */,
				A5749E6F256EE026004485FB /* CodemagicDemoTests.xctest */,
				A5749E7A256EE026004485FB /* CodemagicDemoUITests.xctest */,
			);
			name = Products;
			sourceTree = "<group>";
		};
		A5749E5B256EE022004485FB /* CodemagicDemo */ = {
			isa = PBXGroup;
			children = (
				A5749E5C256EE022004485FB /* AppDelegate.swift */,
				A5749E5E256EE022004485FB /* SceneDelegate.swift */,
				A5749E60256EE022004485FB /* ViewController.swift */,
				A5749E62256EE022004485FB /* Main.storyboard */,
				A5749E65256EE025004485FB /* Assets.xcassets */,
				A5749E67256EE025004485FB /* LaunchScreen.storyboard */,
				A5749E6A256EE025004485FB /* Info.plist */,
			);
			path = CodemagicDemo;
			sourceTree = "<group>";
		};
		A5749E72256EE026004485FB /* CodemagicDemoTests */ = {
			isa = PBXGroup;
			children = (
				A5749E73256EE026004485FB /* CodemagicDemoTests.swift */,
				A5749E75256EE026004485FB /* Info.plist */,
			);
			path = CodemagicDemoTests;
			sourceTree = "<group>";
		};
		A5749E7D256EE026004485FB /* CodemagicDemoUITests */ = {
			isa = PBXGroup;
			children = (
				A5749E7E256EE026004485FB /* CodemagicDemoUITests.swift */,
				A5749E80256EE026004485FB /* Info.plist */,
			);
			path = CodemagicDemoUITests;
			sourceTree = "<group>";
		};
/* End PBXGroup section */

/* Begin PBXNativeTarget section */
		A5749E58256EE022004485FB /* CodemagicDemo */ = {
			isa = PBXNativeTarget;
			buildConfigurationList = A5749E83256EE026004485FB /* Build configuration list for PBXNativeTarget "CodemagicDemo" */;
			buildPhases = (
				FE03EC52D76D336B2DB2B90C /* [CP] Check Pods Manifest.lock */,
				A5749E55256EE022004485FB /* Sources */,
				A5749E56256EE022004485FB /* Frameworks */,
				A5749E57256EE022004485FB /* Resources */,
			);
			buildRules = (
			);
			dependencies = (
			);
			name = CodemagicDemo;
			productName = CodemagicDemo;
			productReference = A5749E59256EE022004485FB /* CodemagicDemo.app */;
			productType = "com.apple.product-type.application";
		};
		A5749E6E256EE026004485FB /* CodemagicDemoTests */ = {
			isa = PBXNativeTarget;
			buildConfigurationList = A5749E86256EE026004485FB /* Build configuration list for PBXNativeTarget "CodemagicDemoTests" */;
			buildPhases = (
				1278C8A130351168B480C816 /* [CP] Check Pods Manifest.lock */,
				A5749E6B256EE026004485FB /* Sources */,
				A5749E6C256EE026004485FB /* Frameworks */,
				A5749E6D256EE026004485FB /* Resources */,
			);
			buildRules = (
			);
			dependencies = (
				A5749E71256EE026004485FB /* PBXTargetDependency */,
			);
			name = CodemagicDemoTests;
			productName = CodemagicDemoTests;
			productReference = A5749E6F256EE026004485FB /* CodemagicDemoTests.xctest */;
			productType = "com.apple.product-type.bundle.unit-test";
		};
		A5749E79256EE026004485FB /* CodemagicDemoUITests */ = {
			isa = PBXNativeTarget;
			buildConfigurationList = A5749E89256EE026004485FB /* Build configuration list for PBXNativeTarget "CodemagicDemoUITests" */;
			buildPhases = (
				8DE79EA641FB8E4C3E260CC9 /* [CP] Check Pods Manifest.lock */,
				A5749E76256EE026004485FB /* Sources */,
				A5749E77256EE026004485FB /* Frameworks */,
				A5749E78256EE026004485FB /* Resources */,
			);
			buildRules = (
			);
			dependencies = (
				A5749E7C256EE026004485FB /* PBXTargetDependency */,
			);
			name = CodemagicDemoUITests;
			productName = CodemagicDemoUITests;
			productReference = A5749E7A256EE026004485FB /* CodemagicDemoUITests.xctest */;
			productType = "com.apple.product-type.bundle.ui-testing";
		};
/* End PBXNativeTarget section */

/* Begin PBXProject section */
		A5749E51256EE022004485FB /* Project object */ = {
			isa = PBXProject;
			attributes = {
				LastSwiftUpdateCheck = 1220;
				LastUpgradeCheck = 1220;
				TargetAttributes = {
					A5749E58256EE022004485FB = {
						CreatedOnToolsVersion = 12.2;
					};
					A5749E6E256EE026004485FB = {
						CreatedOnToolsVersion = 12.2;
						TestTargetID = A5749E58256EE022004485FB;
					};
					A5749E79256EE026004485FB = {
						CreatedOnToolsVersion = 12.2;
						TestTargetID = A5749E58256EE022004485FB;
					};
				};
			};
			buildConfigurationList = A5749E54256EE022004485FB /* Build configuration list for PBXProject "CodemagicDemo" */;
			compatibilityVersion = "Xcode 9.3";
			developmentRegion = en;
			hasScannedForEncodings = 0;
			knownRegions = (
				en,
				Base,
			);
			mainGroup = A5749E50256EE022004485FB;
			productRefGroup = A5749E5A256EE022004485FB /* Products */;
			projectDirPath = "";
			projectRoot = "";
			targets = (
				A5749E58256EE022004485FB /* CodemagicDemo */,
				A5749E6E256EE026004485FB /* CodemagicDemoTests */,
				A5749E79256EE026004485FB /* CodemagicDemoUITests */,
			);
		};
/* End PBXProject section */

/* Begin PBXResourcesBuildPhase section */
		A5749E57256EE022004485FB /* Resources */ = {
			isa = PBXResourcesBuildPhase;
			buildActionMask = 2147483647;
			files = (
				A5749E69256EE025004485FB /* LaunchScreen.storyboard in Resources */,
				A5749E66256EE025004485FB /* Assets.xcassets in Resources */,
				A5749E64256EE022004485FB /* Main.storyboard in Resources */,
			);
			runOnlyForDeploymentPostprocessing = 0;
		};
		A5749E6D256EE026004485FB /* Resources */ = {
			isa = PBXResourcesBuildPhase;
			buildActionMask = 2147483647;
			files = (
			);
			runOnlyForDeploymentPostprocessing = 0;
		};
		A5749E78256EE026004485FB /* Resources */ = {
			isa = PBXResourcesBuildPhase;
			buildActionMask = 2147483647;
			files = (
			);
			runOnlyForDeploymentPostprocessing = 0;
		};
/* End PBXResourcesBuildPhase section */

/* Begin PBXShellScriptBuildPhase section */
		1278C8A130351168B480C816 /* [CP] Check Pods Manifest.lock */ = {
			isa = PBXShellScriptBuildPhase;
			buildActionMask = 2147483647;
			files = (
			);
			inputFileListPaths = (
			);
			inputPaths = (
				"${PODS_PODFILE_DIR_PATH}/Podfile.lock",
				"${PODS_ROOT}/Manifest.lock",
			);
			name = "[CP] Check Pods Manifest.lock";
			outputFileListPaths = (
			);
			outputPaths = (
				"$(DERIVED_FILE_DIR)/Pods-CodemagicDemoTests-checkManifestLockResult.txt",
			);
			runOnlyForDeploymentPostprocessing = 0;
			shellPath = /bin/sh;
			shellScript = "diff \"${PODS_PODFILE_DIR_PATH}/Podfile.lock\" \"${PODS_ROOT}/Manifest.lock\" > /dev/null\nif [ $? != 0 ] ; then\n    # print error to STDERR\n    echo \"error: The sandbox is not in sync with the Podfile.lock. Run 'pod install' or update your CocoaPods installation.\" >&2\n    exit 1\nfi\n# This output is used by Xcode 'outputs' to avoid re-running this script phase.\necho \"SUCCESS\" > \"${SCRIPT_OUTPUT_FILE_0}\"\n";
			showEnvVarsInLog = 0;
		};
		8DE79EA641FB8E4C3E260CC9 /* [CP] Check Pods Manifest.lock */ = {
			isa = PBXShellScriptBuildPhase;
			buildActionMask = 2147483647;
			files = (
			);
			inputFileListPaths = (
			);
			inputPaths = (
				"${PODS_PODFILE_DIR_PATH}/Podfile.lock",
				"${PODS_ROOT}/Manifest.lock",
			);
			name = "[CP] Check Pods Manifest.lock";
			outputFileListPaths = (
			);
			outputPaths = (
				"$(DERIVED_FILE_DIR)/Pods-CodemagicDemo-CodemagicDemoUITests-checkManifestLockResult.txt",
			);
			runOnlyForDeploymentPostprocessing = 0;
			shellPath = /bin/sh;
			shellScript = "diff \"${PODS_PODFILE_DIR_PATH}/Podfile.lock\" \"${PODS_ROOT}/Manifest.lock\" > /dev/null\nif [ $? != 0 ] ; then\n    # print error to STDERR\n    echo \"error: The sandbox is not in sync with the Podfile.lock. Run 'pod install' or update your CocoaPods installation.\" >&2\n    exit 1\nfi\n# This output is used by Xcode 'outputs' to avoid re-running this script phase.\necho \"SUCCESS\" > \"${SCRIPT_OUTPUT_FILE_0}\"\n";
			showEnvVarsInLog = 0;
		};
		FE03EC52D76D336B2DB2B90C /* [CP] Check Pods Manifest.lock */ = {
			isa = PBXShellScriptBuildPhase;
			buildActionMask = 2147483647;
			files = (
			);
			inputFileListPaths = (
			);
			inputPaths = (
				"${PODS_PODFILE_DIR_PATH}/Podfile.lock",
				"${PODS_ROOT}/Manifest.lock",
			);
			name = "[CP] Check Pods Manifest.lock";
			outputFileListPaths = (
			);
			outputPaths = (
				"$(DERIVED_FILE_DIR)/Pods-CodemagicDemo-checkManifestLockResult.txt",
			);
			runOnlyForDeploymentPostprocessing = 0;
			shellPath = /bin/sh;
			shellScript = "diff \"${PODS_PODFILE_DIR_PATH}/Podfile.lock\" \"${PODS_ROOT}/Manifest.lock\" > /dev/null\nif [ $? != 0 ] ; then\n    # print error to STDERR\n    echo \"error: The sandbox is not in sync with the Podfile.lock. Run 'pod install' or update your CocoaPods installation.\" >&2\n    exit 1\nfi\n# This output is used by Xcode 'outputs' to avoid re-running this script phase.\necho \"SUCCESS\" > \"${SCRIPT_OUTPUT_FILE_0}\"\n";
			showEnvVarsInLog = 0;
		};
/* End PBXShellScriptBuildPhase section */

/* Begin PBXSourcesBuildPhase section */
		A5749E55256EE022004485FB /* Sources */ = {
			isa = PBXSourcesBuildPhase;
			buildActionMask = 2147483647;
			files = (
				A5749E61256EE022004485FB /* ViewController.swift in Sources */,
				A5749E5D256EE022004485FB /* AppDelegate.swift in Sources */,
				A5749E5F256EE022004485FB /* SceneDelegate.swift in Sources */,
			);
			runOnlyForDeploymentPostprocessing = 0;
		};
		A5749E6B256EE026004485FB /* Sources */ = {
			isa = PBXSourcesBuildPhase;
			buildActionMask = 2147483647;
			files = (
				A5749E74256EE026004485FB /* CodemagicDemoTests.swift in Sources */,
			);
			runOnlyForDeploymentPostprocessing = 0;
		};
		A5749E76256EE026004485FB /* Sources */ = {
			isa = PBXSourcesBuildPhase;
			buildActionMask = 2147483647;
			files = (
				A5749E7F256EE026004485FB /* CodemagicDemoUITests.swift in Sources */,
			);
			runOnlyForDeploymentPostprocessing = 0;
		};
/* End PBXSourcesBuildPhase section */

/* Begin PBXTargetDependency section */
		A5749E71256EE026004485FB /* PBXTargetDependency */ = {
			isa = PBXTargetDependency;
			target = A5749E58256EE022004485FB /* CodemagicDemo */;
			targetProxy = A5749E70256EE026004485FB /* PBXContainerItemProxy */;
		};
		A5749E7C256EE026004485FB /* PBXTargetDependency */ = {
			isa = PBXTargetDependency;
			target = A5749E58256EE022004485FB /* CodemagicDemo */;
			targetProxy = A5749E7B256EE026004485FB /* PBXContainerItemProxy */;
		};
/* End PBXTargetDependency section */

/* Begin PBXVariantGroup section */
		A5749E62256EE022004485FB /* Main.storyboard */ = {
			isa = PBXVariantGroup;
			children = (
				A5749E63256EE022004485FB /* Base */,
			);
			name = Main.storyboard;
			sourceTree = "<group>";
		};
		A5749E67256EE025004485FB /* LaunchScreen.storyboard */ = {
			isa = PBXVariantGroup;
			children = (
				A5749E68256EE025004485FB /* Base */,
			);
			name = LaunchScreen.storyboard;
			sourceTree = "<group>";
		};
/* End PBXVariantGroup section */

/* Begin XCBuildConfiguration section */
		A5749E81256EE026004485FB /* Debug */ = {
			isa = XCBuildConfiguration;
			buildSettings = {
				ALWAYS_SEARCH_USER_PATHS = NO;
				CLANG_ANALYZER_NONNULL = YES;
				CLANG_ANALYZER_NUMBER_OBJECT_CONVERSION = YES_AGGRESSIVE;
				CLANG_CXX_LANGUAGE_STANDARD = "gnu++14";
				CLANG_CXX_LIBRARY = "libc++";
				CLANG_ENABLE_MODULES = YES;
				CLANG_ENABLE_OBJC_ARC = YES;
				CLANG_ENABLE_OBJC_WEAK = YES;
				CLANG_WARN_BLOCK_CAPTURE_AUTORELEASING = YES;
				CLANG_WARN_BOOL_CONVERSION = YES;
				CLANG_WARN_COMMA = YES;
				CLANG_WARN_CONSTANT_CONVERSION = YES;
				CLANG_WARN_DEPRECATED_OBJC_IMPLEMENTATIONS = YES;
				CLANG_WARN_DIRECT_OBJC_ISA_USAGE = YES_ERROR;
				CLANG_WARN_DOCUMENTATION_COMMENTS = YES;
				CLANG_WARN_EMPTY_BODY = YES;
				CLANG_WARN_ENUM_CONVERSION = YES;
				CLANG_WARN_INFINITE_RECURSION = YES;
				CLANG_WARN_INT_CONVERSION = YES;
				CLANG_WARN_NON_LITERAL_NULL_CONVERSION = YES;
				CLANG_WARN_OBJC_IMPLICIT_RETAIN_SELF = YES;
				CLANG_WARN_OBJC_LITERAL_CONVERSION = YES;
				CLANG_WARN_OBJC_ROOT_CLASS = YES_ERROR;
				CLANG_WARN_QUOTED_INCLUDE_IN_FRAMEWORK_HEADER = YES;
				CLANG_WARN_RANGE_LOOP_ANALYSIS = YES;
				CLANG_WARN_STRICT_PROTOTYPES = YES;
				CLANG_WARN_SUSPICIOUS_MOVE = YES;
				CLANG_WARN_UNGUARDED_AVAILABILITY = YES_AGGRESSIVE;
				CLANG_WARN_UNREACHABLE_CODE = YES;
				CLANG_WARN__DUPLICATE_METHOD_MATCH = YES;
				COPY_PHASE_STRIP = NO;
				DEBUG_INFORMATION_FORMAT = dwarf;
				ENABLE_STRICT_OBJC_MSGSEND = YES;
				ENABLE_TESTABILITY = YES;
				GCC_C_LANGUAGE_STANDARD = gnu11;
				GCC_DYNAMIC_NO_PIC = NO;
				GCC_NO_COMMON_BLOCKS = YES;
				GCC_OPTIMIZATION_LEVEL = 0;
				GCC_PREPROCESSOR_DEFINITIONS = (
					"DEBUG=1",
					"$(inherited)",
				);
				GCC_WARN_64_TO_32_BIT_CONVERSION = YES;
				GCC_WARN_ABOUT_RETURN_TYPE = YES_ERROR;
				GCC_WARN_UNDECLARED_SELECTOR = YES;
				GCC_WARN_UNINITIALIZED_AUTOS = YES_AGGRESSIVE;
				GCC_WARN_UNUSED_FUNCTION = YES;
				GCC_WARN_UNUSED_VARIABLE = YES;
				IPHONEOS_DEPLOYMENT_TARGET = 14.2;
				MTL_ENABLE_DEBUG_INFO = INCLUDE_SOURCE;
				MTL_FAST_MATH = YES;
				ONLY_ACTIVE_ARCH = YES;
				SDKROOT = iphoneos;
				SWIFT_ACTIVE_COMPILATION_CONDITIONS = DEBUG;
				SWIFT_OPTIMIZATION_LEVEL = "-Onone";
			};
			name = Debug;
		};
		A5749E82256EE026004485FB /* Release */ = {
			isa = XCBuildConfiguration;
			buildSettings = {
				ALWAYS_SEARCH_USER_PATHS = NO;
				CLANG_ANALYZER_NONNULL = YES;
				CLANG_ANALYZER_NUMBER_OBJECT_CONVERSION = YES_AGGRESSIVE;
				CLANG_CXX_LANGUAGE_STANDARD = "gnu++14";
				CLANG_CXX_LIBRARY = "libc++";
				CLANG_ENABLE_MODULES = YES;
				CLANG_ENABLE_OBJC_ARC = YES;
				CLANG_ENABLE_OBJC_WEAK = YES;
				CLANG_WARN_BLOCK_CAPTURE_AUTORELEASING = YES;
				CLANG_WARN_BOOL_CONVERSION = YES;
				CLANG_WARN_COMMA = YES;
				CLANG_WARN_CONSTANT_CONVERSION = YES;
				CLANG_WARN_DEPRECATED_OBJC_IMPLEMENTATIONS = YES;
				CLANG_WARN_DIRECT_OBJC_ISA_USAGE = YES_ERROR;
				CLANG_WARN_DOCUMENTATION_COMMENTS = YES;
				CLANG_WARN_EMPTY_BODY = YES;
				CLANG_WARN_ENUM_CONVERSION = YES;
				CLANG_WARN_INFINITE_RECURSION = YES;
				CLANG_WARN_INT_CONVERSION = YES;
				CLANG_WARN_NON_LITERAL_NULL_CONVERSION = YES;
				CLANG_WARN_OBJC_IMPLICIT_RETAIN_SELF = YES;
				CLANG_WARN_OBJC_LITERAL_CONVERSION = YES;
				CLANG_WARN_OBJC_ROOT_CLASS = YES_ERROR;
				CLANG_WARN_QUOTED_INCLUDE_IN_FRAMEWORK_HEADER = YES;
				CLANG_WARN_RANGE_LOOP_ANALYSIS = YES;
				CLANG_WARN_STRICT_PROTOTYPES = YES;
				CLANG_WARN_SUSPICIOUS_MOVE = YES;
				CLANG_WARN_UNGUARDED_AVAILABILITY = YES_AGGRESSIVE;
				CLANG_WARN_UNREACHABLE_CODE = YES;
				CLANG_WARN__DUPLICATE_METHOD_MATCH = YES;
				COPY_PHASE_STRIP = NO;
				DEBUG_INFORMATION_FORMAT = "dwarf-with-dsym";
				ENABLE_NS_ASSERTIONS = NO;
				ENABLE_STRICT_OBJC_MSGSEND = YES;
				GCC_C_LANGUAGE_STANDARD = gnu11;
				GCC_NO_COMMON_BLOCKS = YES;
				GCC_WARN_64_TO_32_BIT_CONVERSION = YES;
				GCC_WARN_ABOUT_RETURN_TYPE = YES_ERROR;
				GCC_WARN_UNDECLARED_SELECTOR = YES;
				GCC_WARN_UNINITIALIZED_AUTOS = YES_AGGRESSIVE;
				GCC_WARN_UNUSED_FUNCTION = YES;
				GCC_WARN_UNUSED_VARIABLE = YES;
				IPHONEOS_DEPLOYMENT_TARGET = 14.2;
				MTL_ENABLE_DEBUG_INFO = NO;
				MTL_FAST_MATH = YES;
				SDKROOT = iphoneos;
				SWIFT_COMPILATION_MODE = wholemodule;
				SWIFT_OPTIMIZATION_LEVEL = "-O";
				VALIDATE_PRODUCT = YES;
			};
			name = Release;
		};
		A5749E84256EE026004485FB /* Debug */ = {
			isa = XCBuildConfiguration;
			baseConfigurationReference = E21B19B6FAA01CB452E5BCF1 /* Pods-CodemagicDemo.debug.xcconfig */;
			buildSettings = {
				ASSETCATALOG_COMPILER_APPICON_NAME = AppIcon;
				ASSETCATALOG_COMPILER_GLOBAL_ACCENT_COLOR_NAME = AccentColor;
				CODE_SIGN_STYLE = Automatic;
				DEVELOPMENT_TEAM = L823EJ2XX5;
				INFOPLIST_FILE = CodemagicDemo/Info.plist;
				LD_RUNPATH_SEARCH_PATHS = (
					"$(inherited)",
					"@executable_path/Frameworks",
				);
				PRODUCT_BUNDLE_IDENTIFIER = com.williamhill.CodemagicDemo;
				PRODUCT_NAME = "$(TARGET_NAME)";
				SWIFT_VERSION = 5.0;
				TARGETED_DEVICE_FAMILY = "1,2";
			};
			name = Debug;
		};
		A5749E85256EE026004485FB /* Release */ = {
			isa = XCBuildConfiguration;
			baseConfigurationReference = 4709873268FF289075273C81 /* Pods-CodemagicDemo.release.xcconfig */;
			buildSettings = {
				ASSETCATALOG_COMPILER_APPICON_NAME = AppIcon;
				ASSETCATALOG_COMPILER_GLOBAL_ACCENT_COLOR_NAME = AccentColor;
				CODE_SIGN_STYLE = Automatic;
				DEVELOPMENT_TEAM = L823EJ2XX5;
				INFOPLIST_FILE = CodemagicDemo/Info.plist;
				LD_RUNPATH_SEARCH_PATHS = (
					"$(inherited)",
					"@executable_path/Frameworks",
				);
				PRODUCT_BUNDLE_IDENTIFIER = com.williamhill.CodemagicDemo;
				PRODUCT_NAME = "$(TARGET_NAME)";
				SWIFT_VERSION = 5.0;
				TARGETED_DEVICE_FAMILY = "1,2";
			};
			name = Release;
		};
		A5749E87256EE026004485FB /* Debug */ = {
			isa = XCBuildConfiguration;
			baseConfigurationReference = 7780823D460111D6AA8FC35F /* Pods-CodemagicDemoTests.debug.xcconfig */;
			buildSettings = {
				ALWAYS_EMBED_SWIFT_STANDARD_LIBRARIES = YES;
				BUNDLE_LOADER = "$(TEST_HOST)";
				CODE_SIGN_STYLE = Automatic;
				DEVELOPMENT_TEAM = L823EJ2XX5;
				INFOPLIST_FILE = CodemagicDemoTests/Info.plist;
				IPHONEOS_DEPLOYMENT_TARGET = 14.2;
				LD_RUNPATH_SEARCH_PATHS = (
					"$(inherited)",
					"@executable_path/Frameworks",
					"@loader_path/Frameworks",
				);
				PRODUCT_BUNDLE_IDENTIFIER = com.williamhill.CodemagicDemoTests;
				PRODUCT_NAME = "$(TARGET_NAME)";
				SWIFT_VERSION = 5.0;
				TARGETED_DEVICE_FAMILY = "1,2";
				TEST_HOST = "$(BUILT_PRODUCTS_DIR)/CodemagicDemo.app/CodemagicDemo";
			};
			name = Debug;
		};
		A5749E88256EE026004485FB /* Release */ = {
			isa = XCBuildConfiguration;
			baseConfigurationReference = 087E545A89F7707FEFC3DB22 /* Pods-CodemagicDemoTests.release.xcconfig */;
			buildSettings = {
				ALWAYS_EMBED_SWIFT_STANDARD_LIBRARIES = YES;
				BUNDLE_LOADER = "$(TEST_HOST)";
				CODE_SIGN_STYLE = Automatic;
				DEVELOPMENT_TEAM = L823EJ2XX5;
				INFOPLIST_FILE = CodemagicDemoTests/Info.plist;
				IPHONEOS_DEPLOYMENT_TARGET = 14.2;
				LD_RUNPATH_SEARCH_PATHS = (
					"$(inherited)",
					"@executable_path/Frameworks",
					"@loader_path/Frameworks",
				);
				PRODUCT_BUNDLE_IDENTIFIER = com.williamhill.CodemagicDemoTests;
				PRODUCT_NAME = "$(TARGET_NAME)";
				SWIFT_VERSION = 5.0;
				TARGETED_DEVICE_FAMILY = "1,2";
				TEST_HOST = "$(BUILT_PRODUCTS_DIR)/CodemagicDemo.app/CodemagicDemo";
			};
			name = Release;
		};
		A5749E8A256EE026004485FB /* Debug */ = {
			isa = XCBuildConfiguration;
			baseConfigurationReference = C897BCC34411B5ACEE660FF8 /* Pods-CodemagicDemo-CodemagicDemoUITests.debug.xcconfig */;
			buildSettings = {
				ALWAYS_EMBED_SWIFT_STANDARD_LIBRARIES = YES;
				CODE_SIGN_STYLE = Automatic;
				DEVELOPMENT_TEAM = L823EJ2XX5;
				INFOPLIST_FILE = CodemagicDemoUITests/Info.plist;
				LD_RUNPATH_SEARCH_PATHS = (
					"$(inherited)",
					"@executable_path/Frameworks",
					"@loader_path/Frameworks",
				);
				PRODUCT_BUNDLE_IDENTIFIER = com.williamhill.CodemagicDemoUITests;
				PRODUCT_NAME = "$(TARGET_NAME)";
				SWIFT_VERSION = 5.0;
				TARGETED_DEVICE_FAMILY = "1,2";
				TEST_TARGET_NAME = CodemagicDemo;
			};
			name = Debug;
		};
		A5749E8B256EE026004485FB /* Release */ = {
			isa = XCBuildConfiguration;
			baseConfigurationReference = 60530E2806D7E487FAF16727 /* Pods-CodemagicDemo-CodemagicDemoUITests.release.xcconfig */;
			buildSettings = {
				ALWAYS_EMBED_SWIFT_STANDARD_LIBRARIES = YES;
				CODE_SIGN_STYLE = Automatic;
				DEVELOPMENT_TEAM = L823EJ2XX5;
				INFOPLIST_FILE = CodemagicDemoUITests/Info.plist;
				LD_RUNPATH_SEARCH_PATHS = (
					"$(inherited)",
					"@executable_path/Frameworks",
					"@loader_path/Frameworks",
				);
				PRODUCT_BUNDLE_IDENTIFIER = com.williamhill.CodemagicDemoUITests;
				PRODUCT_NAME = "$(TARGET_NAME)";
				SWIFT_VERSION = 5.0;
				TARGETED_DEVICE_FAMILY = "1,2";
				TEST_TARGET_NAME = CodemagicDemo;
			};
			name = Release;
		};
/* End XCBuildConfiguration section */

/* Begin XCConfigurationList section */
		A5749E54256EE022004485FB /* Build configuration list for PBXProject "CodemagicDemo" */ = {
			isa = XCConfigurationList;
			buildConfigurations = (
				A5749E81256EE026004485FB /* Debug */,
				A5749E82256EE026004485FB /* Release */,
			);
			defaultConfigurationIsVisible = 0;
			defaultConfigurationName = Release;
		};
		A5749E83256EE026004485FB /* Build configuration list for PBXNativeTarget "CodemagicDemo" */ = {
			isa = XCConfigurationList;
			buildConfigurations = (
				A5749E84256EE026004485FB /* Debug */,
				A5749E85256EE026004485FB /* Release */,
			);
			defaultConfigurationIsVisible = 0;
			defaultConfigurationName = Release;
		};
		A5749E86256EE026004485FB /* Build configuration list for PBXNativeTarget "CodemagicDemoTests" */ = {
			isa = XCConfigurationList;
			buildConfigurations = (
				A5749E87256EE026004485FB /* Debug */,
				A5749E88256EE026004485FB /* Release */,
			);
			defaultConfigurationIsVisible = 0;
			defaultConfigurationName = Release;
		};
		A5749E89256EE026004485FB /* Build configuration list for PBXNativeTarget "CodemagicDemoUITests" */ = {
			isa = XCConfigurationList;
			buildConfigurations = (
				A5749E8A256EE026004485FB /* Debug */,
				A5749E8B256EE026004485FB /* Release */,
			);
			defaultConfigurationIsVisible = 0;
			defaultConfigurationName = Release;
		};
/* End XCConfigurationList section */
	};
	rootObject = A5749E51256EE022004485FB /* Project object */;
}
